{
    "_readme": [
        "This file locks the dependencies of your project to a known state",
        "Read more about it at http://getcomposer.org/doc/01-basic-usage.md#composer-lock-the-lock-file"
    ],
    "hash": "4053e2ee8770f955bca42c797071289b",
    "packages": [
        {
            "name": "arcavias/arcavias-core",
            "version": "dev-master",
            "source": {
                "type": "git",
                "url": "https://github.com/Arcavias/arcavias-core.git",
                "reference": "13c5d92b292b30cfb27d2c4ecc370d72e2fd04e4"
            },
            "dist": {
                "type": "zip",
                "url": "https://api.github.com/repos/Arcavias/arcavias-core/zipball/13c5d92b292b30cfb27d2c4ecc370d72e2fd04e4",
                "reference": "13c5d92b292b30cfb27d2c4ecc370d72e2fd04e4",
                "shasum": ""
            },
            "require": {
                "codeplex/phpexcel": ">=1.7.6,<1.8",
                "ext-curl": "*",
                "ext-dom": "*",
                "ext-json": "*",
                "ext-pcre": "*",
                "ext-pdo": "*",
                "ext-pdo_mysql": "*",
                "ext-zip": "*",
                "php": ">=5.3.0"
            },
            "type": "library",
            "autoload": {
                "psr-0": {
                    "MShop": "lib/mshoplib/src",
                    "MAdmin": "lib/mshoplib/src",
                    "MW": "lib/mwlib/src",
                    "Client_Html": "client/html/src",
                    "Controller_Frontend": "controller/frontend/src",
                    "Controller_ExtJS": "controller/extjs/src",
                    "": [
                        "lib/mwlib/lib",
                        "."
                    ]
                },
                "classmap": [
                    "lib/mshoplib/src",
                    "lib/mwlib/lib",
                    "lib/mwlib/src",
                    "client/html/src",
                    "controller/frontend/src",
                    "controller/extjs/src",
                    "MShop.php"
                ]
            },
            "notification-url": "https://packagist.org/downloads/",
            "license": [
                "LGPL-3.0"
            ],
            "description": "e-commerce framework for web shops, portals and market places",
            "homepage": "http://www.arcavias.com/en",
            "keywords": [
                "e-commerce",
                "market place",
                "portal",
                "shop"
            ],
            "time": "2013-06-26 11:29:59"
        },
        {
            "name": "codeplex/phpexcel",
            "version": "1.7.8",
            "source": {
                "type": "git",
                "url": "https://github.com/markushausammann/PHPExcel",
                "reference": "1.7.8"
            },
            "dist": {
                "type": "zip",
                "url": "https://github.com/markushausammann/PHPExcel/archive/1.7.8.zip",
                "reference": "1.7.8",
                "shasum": ""
            },
            "require": {
                "ext-xml": "*",
                "php": ">=5.2.0"
            },
            "type": "library",
            "autoload": {
                "psr-0": {
                    "PHPExcel": ""
                }
            },
            "notification-url": "https://packagist.org/downloads/",
            "license": [
                "LGPL"
            ],
            "authors": [
                {
                    "name": "Maarten Balliauw",
                    "homepage": "http://blog.maartenballiauw.be"
                },
                {
                    "name": "Mark Baker"
                },
                {
                    "name": "Erit Tilt"
                }
            ],
            "description": "PHPExcel - OpenXML - Create Excel2007 documents in PHP - Spreadsheet engine",
            "homepage": "http://phpexcel.codeplex.com",
            "keywords": [
                "OpenXML",
                "excel",
                "php",
                "spreadsheet"
            ],
            "time": "2012-11-21 10:55:52"
        }
    ],
    "packages-dev": [

    ],
    "aliases": [

    ],
    "minimum-stability": "stable",
    "stability-flags": {
        "arcavias/arcavias-core": 20
    },
    "platform": {
        "php": ">=5.3.0"
    },
    "platform-dev": [

    ]
}
